
Microsoft Visual Studio Solution File, Format Version 12.00
# Visual Studio Version 17
VisualStudioVersion = 17.11.35222.181
MinimumVisualStudioVersion = 10.0.40219.1
Project("{FAE04EC0-301F-11D3-BF4B-00C04F79EFBC}") = "CardGames", "CardGames\CardGames.csproj", "{D513BCDF-14F0-4FF6-8292-F6CAD71249D5}"
EndProject
Global
	GlobalSection(SolutionConfigurationPlatforms) = preSolution
		Debug|Any CPU = Debug|Any CPU
		Release|Any CPU = Release|Any CPU
	EndGlobalSection
	GlobalSection(ProjectConfigurationPlatforms) = postSolution
		{D513BCDF-14F0-4FF6-8292-F6CAD71249D5}.Debug|Any CPU.ActiveCfg = Debug|Any CPU
		{D513BCDF-14F0-4FF6-8292-F6CAD71249D5}.Debug|Any CPU.Build.0 = Debug|Any CPU
		{D513BCDF-14F0-4FF6-8292-F6CAD71249D5}.Release|Any CPU.ActiveCfg = Release|Any CPU
		{D513BCDF-14F0-4FF6-8292-F6CAD71249D5}.Release|Any CPU.Build.0 = Release|Any CPU
	EndGlobalSection
	GlobalSection(SolutionProperties) = preSolution
		HideSolutionNode = FALSE
	EndGlobalSection
	GlobalSection(ExtensibilityGlobals) = postSolution
		SolutionGuid = {CF9DE584-81F1-4CB5-914C-A3433BFC69CD}
	EndGlobalSection
EndGlobal
